
Microsoft Visual Studio Solution File, Format Version 12.00
# Visual Studio Version 17
VisualStudioVersion = 17.12.35707.178
MinimumVisualStudioVersion = 10.0.40219.1
Project("{FAE04EC0-301F-11D3-BF4B-00C04F79EFBC}") = "smartwork", "smartwork.csproj", "{F525D2F1-A118-4CF6-B2A4-B3BEC0761D9C}"
EndProject
Project("{FAE04EC0-301F-11D3-BF4B-00C04F79EFBC}") = "smartwork.Core", "..\smartwork.Core\smartwork.Core.csproj", "{AA8A4D80-0859-42AC-91E8-F2DC94399F91}"
EndProject
Project("{FAE04EC0-301F-11D3-BF4B-00C04F79EFBC}") = "smartwork.Data", "..\smartwork.Data\smartwork.Data.csproj", "{0E84093D-BA8C-4E27-9E88-3E9FD7C4675B}"
EndProject
Global
	GlobalSection(SolutionConfigurationPlatforms) = preSolution
		Debug|Any CPU = Debug|Any CPU
		Release|Any CPU = Release|Any CPU
	EndGlobalSection
	GlobalSection(ProjectConfigurationPlatforms) = postSolution
		{F525D2F1-A118-4CF6-B2A4-B3BEC0761D9C}.Debug|Any CPU.ActiveCfg = Debug|Any CPU
		{F525D2F1-A118-4CF6-B2A4-B3BEC0761D9C}.Debug|Any CPU.Build.0 = Debug|Any CPU
		{F525D2F1-A118-4CF6-B2A4-B3BEC0761D9C}.Debug|Any CPU.Deploy.0 = Debug|Any CPU
		{F525D2F1-A118-4CF6-B2A4-B3BEC0761D9C}.Release|Any CPU.ActiveCfg = Release|Any CPU
		{F525D2F1-A118-4CF6-B2A4-B3BEC0761D9C}.Release|Any CPU.Build.0 = Release|Any CPU
		{F525D2F1-A118-4CF6-B2A4-B3BEC0761D9C}.Release|Any CPU.Deploy.0 = Release|Any CPU
		{AA8A4D80-0859-42AC-91E8-F2DC94399F91}.Debug|Any CPU.ActiveCfg = Debug|Any CPU
		{AA8A4D80-0859-42AC-91E8-F2DC94399F91}.Debug|Any CPU.Build.0 = Debug|Any CPU
		{AA8A4D80-0859-42AC-91E8-F2DC94399F91}.Release|Any CPU.ActiveCfg = Release|Any CPU
		{AA8A4D80-0859-42AC-91E8-F2DC94399F91}.Release|Any CPU.Build.0 = Release|Any CPU
		{0E84093D-BA8C-4E27-9E88-3E9FD7C4675B}.Debug|Any CPU.ActiveCfg = Debug|Any CPU
		{0E84093D-BA8C-4E27-9E88-3E9FD7C4675B}.Debug|Any CPU.Build.0 = Debug|Any CPU
		{0E84093D-BA8C-4E27-9E88-3E9FD7C4675B}.Release|Any CPU.ActiveCfg = Release|Any CPU
		{0E84093D-BA8C-4E27-9E88-3E9FD7C4675B}.Release|Any CPU.Build.0 = Release|Any CPU
	EndGlobalSection
	GlobalSection(SolutionProperties) = preSolution
		HideSolutionNode = FALSE
	EndGlobalSection
	GlobalSection(ExtensibilityGlobals) = postSolution
		SolutionGuid = {11B8FB0C-ED25-4C97-A006-E7FC34771F9E}
	EndGlobalSection
EndGlobal
